// !$*UTF8*$!
{
	archiveVersion = 1;
	classes = {
	};
	objectVersion = 46;
	objects = {

/* Begin PBXBuildFile section */
		0ADCCA771BDCAA41009FFEBF /* calculator.cpp in Sources */ = {isa = PBXBuildFile; fileRef = 0ADCCA731BDCAA41009FFEBF /* calculator.cpp */; settings = {ASSET_TAGS = (); }; };
/* End PBXBuildFile section */

/* Begin PBXCopyFilesBuildPhase section */
		0ADCCA671BDCAA35009FFEBF /* CopyFiles */ = {
			isa = PBXCopyFilesBuildPhase;
			buildActionMask = 2147483647;
			dstPath = /usr/share/man/man1/;
			dstSubfolderSpec = 0;
			files = (
			);
			runOnlyForDeploymentPostprocessing = 1;
		};
/* End PBXCopyFilesBuildPhase section */

/* Begin PBXFileReference section */
		0ADCCA691BDCAA35009FFEBF /* lab2 */ = {isa = PBXFileReference; explicitFileType = "compiled.mach-o.executable"; includeInIndex = 0; path = lab2; sourceTree = BUILT_PRODUCTS_DIR; };
		0ADCCA731BDCAA41009FFEBF /* calculator.cpp */ = {isa = PBXFileReference; fileEncoding = 4; lastKnownFileType = sourcecode.cpp.cpp; name = calculator.cpp; path = ../../Calculator/calculator.cpp; sourceTree = "<group>"; };
		0ADCCA741BDCAA41009FFEBF /* calculator.h */ = {isa = PBXFileReference; fileEncoding = 4; lastKnownFileType = sourcecode.c.h; name = calculator.h; path = ../../Calculator/calculator.h; sourceTree = "<group>"; };
		0ADCCA761BDCAA41009FFEBF /* calculator.out */ = {isa = PBXFileReference; fileEncoding = 4; lastKnownFileType = text; name = calculator.out; path = ../../Calculator/calculator.out; sourceTree = "<group>"; };
		0ADCCA781BDCAAE8009FFEBF /* calculator.in */ = {isa = PBXFileReference; lastKnownFileType = text; path = calculator.in; sourceTree = "<group>"; };
		0ADCCA791BDCAB39009FFEBF /* calculator.in */ = {isa = PBXFileReference; lastKnownFileType = text; name = calculator.in; path = ../../Calculator/calculator.in; sourceTree = "<group>"; };
/* End PBXFileReference section */

/* Begin PBXFrameworksBuildPhase section */
		0ADCCA661BDCAA35009FFEBF /* Frameworks */ = {
			isa = PBXFrameworksBuildPhase;
			buildActionMask = 2147483647;
			files = (
			);
			runOnlyForDeploymentPostprocessing = 0;
		};
/* End PBXFrameworksBuildPhase section */

/* Begin PBXGroup section */
		0ADCCA601BDCAA35009FFEBF = {
			isa = PBXGroup;
			children = (
				0ADCCA6B1BDCAA35009FFEBF /* lab2 */,
				0ADCCA6A1BDCAA35009FFEBF /* Products */,
			);
			sourceTree = "<group>";
		};
		0ADCCA6A1BDCAA35009FFEBF /* Products */ = {
			isa = PBXGroup;
			children = (
				0ADCCA691BDCAA35009FFEBF /* lab2 */,
			);
			name = Products;
			sourceTree = "<group>";
		};
		0ADCCA6B1BDCAA35009FFEBF /* lab2 */ = {
			isa = PBXGroup;
			children = (
				0ADCCA731BDCAA41009FFEBF /* calculator.cpp */,
				0ADCCA781BDCAAE8009FFEBF /* calculator.in */,
				0ADCCA741BDCAA41009FFEBF /* calculator.h */,
				0ADCCA761BDCAA41009FFEBF /* calculator.out */,
				0ADCCA791BDCAB39009FFEBF /* calculator.in */,
			);
			path = lab2;
			sourceTree = "<group>";
		};
/* End PBXGroup section */

/* Begin PBXNativeTarget section */
		0ADCCA681BDCAA35009FFEBF /* lab2 */ = {
			isa = PBXNativeTarget;
			buildConfigurationList = 0ADCCA701BDCAA35009FFEBF /* Build configuration list for PBXNativeTarget "lab2" */;
			buildPhases = (
				0ADCCA651BDCAA35009FFEBF /* Sources */,
				0ADCCA661BDCAA35009FFEBF /* Frameworks */,
				0ADCCA671BDCAA35009FFEBF /* CopyFiles */,
			);
			buildRules = (
			);
			dependencies = (
			);
			name = lab2;
			productName = lab2;
			productReference = 0ADCCA691BDCAA35009FFEBF /* lab2 */;
			productType = "com.apple.product-type.tool";
		};
/* End PBXNativeTarget section */

/* Begin PBXProject section */
		0ADCCA611BDCAA35009FFEBF /* Project object */ = {
			isa = PBXProject;
			attributes = {
				LastUpgradeCheck = 0700;
				ORGANIZATIONNAME = "Kevin Ling";
				TargetAttributes = {
					0ADCCA681BDCAA35009FFEBF = {
						CreatedOnToolsVersion = 7.0.1;
					};
				};
			};
			buildConfigurationList = 0ADCCA641BDCAA35009FFEBF /* Build configuration list for PBXProject "lab2" */;
			compatibilityVersion = "Xcode 3.2";
			developmentRegion = English;
			hasScannedForEncodings = 0;
			knownRegions = (
				en,
			);
			mainGroup = 0ADCCA601BDCAA35009FFEBF;
			productRefGroup = 0ADCCA6A1BDCAA35009FFEBF /* Products */;
			projectDirPath = "";
			projectRoot = "";
			targets = (
				0ADCCA681BDCAA35009FFEBF /* lab2 */,
			);
		};
/* End PBXProject section */

/* Begin PBXSourcesBuildPhase section */
		0ADCCA651BDCAA35009FFEBF /* Sources */ = {
			isa = PBXSourcesBuildPhase;
			buildActionMask = 2147483647;
			files = (
				0ADCCA771BDCAA41009FFEBF /* calculator.cpp in Sources */,
			);
			runOnlyForDeploymentPostprocessing = 0;
		};
/* End PBXSourcesBuildPhase section */

/* Begin XCBuildConfiguration section */
		0ADCCA6E1BDCAA35009FFEBF /* Debug */ = {
			isa = XCBuildConfiguration;
			buildSettings = {
				ALWAYS_SEARCH_USER_PATHS = NO;
				CLANG_CXX_LANGUAGE_STANDARD = "gnu++0x";
				CLANG_CXX_LIBRARY = "libc++";
				CLANG_ENABLE_MODULES = YES;
				CLANG_ENABLE_OBJC_ARC = YES;
				CLANG_WARN_BOOL_CONVERSION = YES;
				CLANG_WARN_CONSTANT_CONVERSION = YES;
				CLANG_WARN_DIRECT_OBJC_ISA_USAGE = YES_ERROR;
				CLANG_WARN_EMPTY_BODY = YES;
				CLANG_WARN_ENUM_CONVERSION = YES;
				CLANG_WARN_INT_CONVERSION = YES;
				CLANG_WARN_OBJC_ROOT_CLASS = YES_ERROR;
				CLANG_WARN_UNREACHABLE_CODE = YES;
				CLANG_WARN__DUPLICATE_METHOD_MATCH = YES;
				COPY_PHASE_STRIP = NO;
				DEBUG_INFORMATION_FORMAT = dwarf;
				ENABLE_STRICT_OBJC_MSGSEND = YES;
				ENABLE_TESTABILITY = YES;
				GCC_C_LANGUAGE_STANDARD = gnu99;
				GCC_DYNAMIC_NO_PIC = NO;
				GCC_NO_COMMON_BLOCKS = YES;
				GCC_OPTIMIZATION_LEVEL = 0;
				GCC_PREPROCESSOR_DEFINITIONS = (
					"DEBUG=1",
					"$(inherited)",
				);
				GCC_WARN_64_TO_32_BIT_CONVERSION = YES;
				GCC_WARN_ABOUT_RETURN_TYPE = YES_ERROR;
				GCC_WARN_UNDECLARED_SELECTOR = YES;
				GCC_WARN_UNINITIALIZED_AUTOS = YES_AGGRESSIVE;
				GCC_WARN_UNUSED_FUNCTION = YES;
				GCC_WARN_UNUSED_VARIABLE = YES;
				MACOSX_DEPLOYMENT_TARGET = 10.11;
				MTL_ENABLE_DEBUG_INFO = YES;
				ONLY_ACTIVE_ARCH = YES;
				SDKROOT = macosx;
			};
			name = Debug;
		};
		0ADCCA6F1BDCAA35009FFEBF /* Release */ = {
			isa = XCBuildConfiguration;
			buildSettings = {
				ALWAYS_SEARCH_USER_PATHS = NO;
				CLANG_CXX_LANGUAGE_STANDARD = "gnu++0x";
				CLANG_CXX_LIBRARY = "libc++";
				CLANG_ENABLE_MODULES = YES;
				CLANG_ENABLE_OBJC_ARC = YES;
				CLANG_WARN_BOOL_CONVERSION = YES;
				CLANG_WARN_CONSTANT_CONVERSION = YES;
				CLANG_WARN_DIRECT_OBJC_ISA_USAGE = YES_ERROR;
				CLANG_WARN_EMPTY_BODY = YES;
				CLANG_WARN_ENUM_CONVERSION = YES;
				CLANG_WARN_INT_CONVERSION = YES;
				CLANG_WARN_OBJC_ROOT_CLASS = YES_ERROR;
				CLANG_WARN_UNREACHABLE_CODE = YES;
				CLANG_WARN__DUPLICATE_METHOD_MATCH = YES;
				COPY_PHASE_STRIP = NO;
				DEBUG_INFORMATION_FORMAT = "dwarf-with-dsym";
				ENABLE_NS_ASSERTIONS = NO;
				ENABLE_STRICT_OBJC_MSGSEND = YES;
				GCC_C_LANGUAGE_STANDARD = gnu99;
				GCC_NO_COMMON_BLOCKS = YES;
				GCC_WARN_64_TO_32_BIT_CONVERSION = YES;
				GCC_WARN_ABOUT_RETURN_TYPE = YES_ERROR;
				GCC_WARN_UNDECLARED_SELECTOR = YES;
				GCC_WARN_UNINITIALIZED_AUTOS = YES_AGGRESSIVE;
				GCC_WARN_UNUSED_FUNCTION = YES;
				GCC_WARN_UNUSED_VARIABLE = YES;
				MACOSX_DEPLOYMENT_TARGET = 10.11;
				MTL_ENABLE_DEBUG_INFO = NO;
				SDKROOT = macosx;
			};
			name = Release;
		};
		0ADCCA711BDCAA35009FFEBF /* Debug */ = {
			isa = XCBuildConfiguration;
			buildSettings = {
				PRODUCT_NAME = "$(TARGET_NAME)";
			};
			name = Debug;
		};
		0ADCCA721BDCAA35009FFEBF /* Release */ = {
			isa = XCBuildConfiguration;
			buildSettings = {
				PRODUCT_NAME = "$(TARGET_NAME)";
			};
			name = Release;
		};
/* End XCBuildConfiguration section */

/* Begin XCConfigurationList section */
		0ADCCA641BDCAA35009FFEBF /* Build configuration list for PBXProject "lab2" */ = {
			isa = XCConfigurationList;
			buildConfigurations = (
				0ADCCA6E1BDCAA35009FFEBF /* Debug */,
				0ADCCA6F1BDCAA35009FFEBF /* Release */,
			);
			defaultConfigurationIsVisible = 0;
			defaultConfigurationName = Release;
		};
		0ADCCA701BDCAA35009FFEBF /* Build configuration list for PBXNativeTarget "lab2" */ = {
			isa = XCConfigurationList;
			buildConfigurations = (
				0ADCCA711BDCAA35009FFEBF /* Debug */,
				0ADCCA721BDCAA35009FFEBF /* Release */,
			);
			defaultConfigurationIsVisible = 0;
		};
/* End XCConfigurationList section */
	};
	rootObject = 0ADCCA611BDCAA35009FFEBF /* Project object */;
}
